// !$*UTF8*$!
{
	archiveVersion = 1;
	classes = {
	};
	objectVersion = 56;
	objects = {

/* Begin PBXBuildFile section */
		3646F15A2B95022800B5CF30 /* TestProjectApp.swift in Sources */ = {isa = PBXBuildFile; fileRef = 3646F1592B95022800B5CF30 /* TestProjectApp.swift */; };
		3646F15C2B95022800B5CF30 /* ContentView.swift in Sources */ = {isa = PBXBuildFile; fileRef = 3646F15B2B95022800B5CF30 /* ContentView.swift */; };
		3646F15E2B95022900B5CF30 /* Assets.xcassets in Resources */ = {isa = PBXBuildFile; fileRef = 3646F15D2B95022900B5CF30 /* Assets.xcassets */; };
		3646F1612B95022900B5CF30 /* Preview Assets.xcassets in Resources */ = {isa = PBXBuildFile; fileRef = 3646F1602B95022900B5CF30 /* Preview Assets.xcassets */; };
		3646F16C2B95022900B5CF30 /* TestProjectTests.swift in Sources */ = {isa = PBXBuildFile; fileRef = 3646F16B2B95022900B5CF30 /* TestProjectTests.swift */; };
		3646F1762B95022900B5CF30 /* TestProjectUITests.swift in Sources */ = {isa = PBXBuildFile; fileRef = 3646F1752B95022900B5CF30 /* TestProjectUITests.swift */; };
		3646F1782B95022900B5CF30 /* TestProjectUITestsLaunchTests.swift in Sources */ = {isa = PBXBuildFile; fileRef = 3646F1772B95022900B5CF30 /* TestProjectUITestsLaunchTests.swift */; };
		3646F1852B95045300B5CF30 /* README.md in Resources */ = {isa = PBXBuildFile; fileRef = 3646F1842B95045300B5CF30 /* README.md */; };
/* End PBXBuildFile section */

/* Begin PBXContainerItemProxy section */
		3646F1682B95022900B5CF30 /* PBXContainerItemProxy */ = {
			isa = PBXContainerItemProxy;
			containerPortal = 3646F14E2B95022800B5CF30 /* Project object */;
			proxyType = 1;
			remoteGlobalIDString = 3646F1552B95022800B5CF30;
			remoteInfo = TestProject;
		};
		3646F1722B95022900B5CF30 /* PBXContainerItemProxy */ = {
			isa = PBXContainerItemProxy;
			containerPortal = 3646F14E2B95022800B5CF30 /* Project object */;
			proxyType = 1;
			remoteGlobalIDString = 3646F1552B95022800B5CF30;
			remoteInfo = TestProject;
		};
/* End PBXContainerItemProxy section */

/* Begin PBXFileReference section */
		3646F1562B95022800B5CF30 /* TestProject.app */ = {isa = PBXFileReference; explicitFileType = wrapper.application; includeInIndex = 0; path = TestProject.app; sourceTree = BUILT_PRODUCTS_DIR; };
		3646F1592B95022800B5CF30 /* TestProjectApp.swift */ = {isa = PBXFileReference; lastKnownFileType = sourcecode.swift; path = TestProjectApp.swift; sourceTree = "<group>"; };
		3646F15B2B95022800B5CF30 /* ContentView.swift */ = {isa = PBXFileReference; lastKnownFileType = sourcecode.swift; path = ContentView.swift; sourceTree = "<group>"; };
		3646F15D2B95022900B5CF30 /* Assets.xcassets */ = {isa = PBXFileReference; lastKnownFileType = folder.assetcatalog; path = Assets.xcassets; sourceTree = "<group>"; };
		3646F1602B95022900B5CF30 /* Preview Assets.xcassets */ = {isa = PBXFileReference; lastKnownFileType = folder.assetcatalog; path = "Preview Assets.xcassets"; sourceTree = "<group>"; };
		3646F1622B95022900B5CF30 /* TestProject.entitlements */ = {isa = PBXFileReference; lastKnownFileType = text.plist.entitlements; path = TestProject.entitlements; sourceTree = "<group>"; };
		3646F1672B95022900B5CF30 /* TestProjectTests.xctest */ = {isa = PBXFileReference; explicitFileType = wrapper.cfbundle; includeInIndex = 0; path = TestProjectTests.xctest; sourceTree = BUILT_PRODUCTS_DIR; };
		3646F16B2B95022900B5CF30 /* TestProjectTests.swift */ = {isa = PBXFileReference; lastKnownFileType = sourcecode.swift; path = TestProjectTests.swift; sourceTree = "<group>"; };
		3646F1712B95022900B5CF30 /* TestProjectUITests.xctest */ = {isa = PBXFileReference; explicitFileType = wrapper.cfbundle; includeInIndex = 0; path = TestProjectUITests.xctest; sourceTree = BUILT_PRODUCTS_DIR; };
		3646F1752B95022900B5CF30 /* TestProjectUITests.swift */ = {isa = PBXFileReference; lastKnownFileType = sourcecode.swift; path = TestProjectUITests.swift; sourceTree = "<group>"; };
		3646F1772B95022900B5CF30 /* TestProjectUITestsLaunchTests.swift */ = {isa = PBXFileReference; lastKnownFileType = sourcecode.swift; path = TestProjectUITestsLaunchTests.swift; sourceTree = "<group>"; };
		3646F1842B95045300B5CF30 /* README.md */ = {isa = PBXFileReference; fileEncoding = 4; lastKnownFileType = net.daringfireball.markdown; path = README.md; sourceTree = "<group>"; };
/* End PBXFileReference section */

/* Begin PBXFrameworksBuildPhase section */
		3646F1532B95022800B5CF30 /* Frameworks */ = {
			isa = PBXFrameworksBuildPhase;
			buildActionMask = 2147483647;
			files = (
			);
			runOnlyForDeploymentPostprocessing = 0;
		};
		3646F1642B95022900B5CF30 /* Frameworks */ = {
			isa = PBXFrameworksBuildPhase;
			buildActionMask = 2147483647;
			files = (
			);
			runOnlyForDeploymentPostprocessing = 0;
		};
		3646F16E2B95022900B5CF30 /* Frameworks */ = {
			isa = PBXFrameworksBuildPhase;
			buildActionMask = 2147483647;
			files = (
			);
			runOnlyForDeploymentPostprocessing = 0;
		};
/* End PBXFrameworksBuildPhase section */

/* Begin PBXGroup section */
		3646F14D2B95022800B5CF30 = {
			isa = PBXGroup;
			children = (
				3646F1842B95045300B5CF30 /* README.md */,
				3646F1582B95022800B5CF30 /* TestProject */,
				3646F16A2B95022900B5CF30 /* TestProjectTests */,
				3646F1742B95022900B5CF30 /* TestProjectUITests */,
				3646F1572B95022800B5CF30 /* Products */,
			);
			sourceTree = "<group>";
		};
		3646F1572B95022800B5CF30 /* Products */ = {
			isa = PBXGroup;
			children = (
				3646F1562B95022800B5CF30 /* TestProject.app */,
				3646F1672B95022900B5CF30 /* TestProjectTests.xctest */,
				3646F1712B95022900B5CF30 /* TestProjectUITests.xctest */,
			);
			name = Products;
			sourceTree = "<group>";
		};
		3646F1582B95022800B5CF30 /* TestProject */ = {
			isa = PBXGroup;
			children = (
				3646F1592B95022800B5CF30 /* TestProjectApp.swift */,
				3646F15B2B95022800B5CF30 /* ContentView.swift */,
				3646F15D2B95022900B5CF30 /* Assets.xcassets */,
				3646F1622B95022900B5CF30 /* TestProject.entitlements */,
				3646F15F2B95022900B5CF30 /* Preview Content */,
			);
			path = TestProject;
			sourceTree = "<group>";
		};
		3646F15F2B95022900B5CF30 /* Preview Content */ = {
			isa = PBXGroup;
			children = (
				3646F1602B95022900B5CF30 /* Preview Assets.xcassets */,
			);
			path = "Preview Content";
			sourceTree = "<group>";
		};
		3646F16A2B95022900B5CF30 /* TestProjectTests */ = {
			isa = PBXGroup;
			children = (
				3646F16B2B95022900B5CF30 /* TestProjectTests.swift */,
			);
			path = TestProjectTests;
			sourceTree = "<group>";
		};
		3646F1742B95022900B5CF30 /* TestProjectUITests */ = {
			isa = PBXGroup;
			children = (
				3646F1752B95022900B5CF30 /* TestProjectUITests.swift */,
				3646F1772B95022900B5CF30 /* TestProjectUITestsLaunchTests.swift */,
			);
			path = TestProjectUITests;
			sourceTree = "<group>";
		};
/* End PBXGroup section */

/* Begin PBXNativeTarget section */
		3646F1552B95022800B5CF30 /* TestProject */ = {
			isa = PBXNativeTarget;
			buildConfigurationList = 3646F17B2B95022900B5CF30 /* Build configuration list for PBXNativeTarget "TestProject" */;
			buildPhases = (
				3646F1522B95022800B5CF30 /* Sources */,
				3646F1532B95022800B5CF30 /* Frameworks */,
				3646F1542B95022800B5CF30 /* Resources */,
			);
			buildRules = (
			);
			dependencies = (
			);
			name = TestProject;
			productName = TestProject;
			productReference = 3646F1562B95022800B5CF30 /* TestProject.app */;
			productType = "com.apple.product-type.application";
		};
		3646F1662B95022900B5CF30 /* TestProjectTests */ = {
			isa = PBXNativeTarget;
			buildConfigurationList = 3646F17E2B95022900B5CF30 /* Build configuration list for PBXNativeTarget "TestProjectTests" */;
			buildPhases = (
				3646F1632B95022900B5CF30 /* Sources */,
				3646F1642B95022900B5CF30 /* Frameworks */,
				3646F1652B95022900B5CF30 /* Resources */,
			);
			buildRules = (
			);
			dependencies = (
				3646F1692B95022900B5CF30 /* PBXTargetDependency */,
			);
			name = TestProjectTests;
			productName = TestProjectTests;
			productReference = 3646F1672B95022900B5CF30 /* TestProjectTests.xctest */;
			productType = "com.apple.product-type.bundle.unit-test";
		};
		3646F1702B95022900B5CF30 /* TestProjectUITests */ = {
			isa = PBXNativeTarget;
			buildConfigurationList = 3646F1812B95022900B5CF30 /* Build configuration list for PBXNativeTarget "TestProjectUITests" */;
			buildPhases = (
				3646F16D2B95022900B5CF30 /* Sources */,
				3646F16E2B95022900B5CF30 /* Frameworks */,
				3646F16F2B95022900B5CF30 /* Resources */,
			);
			buildRules = (
			);
			dependencies = (
				3646F1732B95022900B5CF30 /* PBXTargetDependency */,
			);
			name = TestProjectUITests;
			productName = TestProjectUITests;
			productReference = 3646F1712B95022900B5CF30 /* TestProjectUITests.xctest */;
			productType = "com.apple.product-type.bundle.ui-testing";
		};
/* End PBXNativeTarget section */

/* Begin PBXProject section */
		3646F14E2B95022800B5CF30 /* Project object */ = {
			isa = PBXProject;
			attributes = {
				BuildIndependentTargetsInParallel = 1;
				LastSwiftUpdateCheck = 1520;
				LastUpgradeCheck = 1520;
				TargetAttributes = {
					3646F1552B95022800B5CF30 = {
						CreatedOnToolsVersion = 15.2;
					};
					3646F1662B95022900B5CF30 = {
						CreatedOnToolsVersion = 15.2;
						TestTargetID = 3646F1552B95022800B5CF30;
					};
					3646F1702B95022900B5CF30 = {
						CreatedOnToolsVersion = 15.2;
						TestTargetID = 3646F1552B95022800B5CF30;
					};
				};
			};
			buildConfigurationList = 3646F1512B95022800B5CF30 /* Build configuration list for PBXProject "TestProject" */;
			compatibilityVersion = "Xcode 14.0";
			developmentRegion = en;
			hasScannedForEncodings = 0;
			knownRegions = (
				en,
				Base,
			);
			mainGroup = 3646F14D2B95022800B5CF30;
			productRefGroup = 3646F1572B95022800B5CF30 /* Products */;
			projectDirPath = "";
			projectRoot = "";
			targets = (
				3646F1552B95022800B5CF30 /* TestProject */,
				3646F1662B95022900B5CF30 /* TestProjectTests */,
				3646F1702B95022900B5CF30 /* TestProjectUITests */,
			);
		};
/* End PBXProject section */

/* Begin PBXResourcesBuildPhase section */
		3646F1542B95022800B5CF30 /* Resources */ = {
			isa = PBXResourcesBuildPhase;
			buildActionMask = 2147483647;
			files = (
				3646F1852B95045300B5CF30 /* README.md in Resources */,
				3646F1612B95022900B5CF30 /* Preview Assets.xcassets in Resources */,
				3646F15E2B95022900B5CF30 /* Assets.xcassets in Resources */,
			);
			runOnlyForDeploymentPostprocessing = 0;
		};
		3646F1652B95022900B5CF30 /* Resources */ = {
			isa = PBXResourcesBuildPhase;
			buildActionMask = 2147483647;
			files = (
			);
			runOnlyForDeploymentPostprocessing = 0;
		};
		3646F16F2B95022900B5CF30 /* Resources */ = {
			isa = PBXResourcesBuildPhase;
			buildActionMask = 2147483647;
			files = (
			);
			runOnlyForDeploymentPostprocessing = 0;
		};
/* End PBXResourcesBuildPhase section */

/* Begin PBXSourcesBuildPhase section */
		3646F1522B95022800B5CF30 /* Sources */ = {
			isa = PBXSourcesBuildPhase;
			buildActionMask = 2147483647;
			files = (
				3646F15C2B95022800B5CF30 /* ContentView.swift in Sources */,
				3646F15A2B95022800B5CF30 /* TestProjectApp.swift in Sources */,
			);
			runOnlyForDeploymentPostprocessing = 0;
		};
		3646F1632B95022900B5CF30 /* Sources */ = {
			isa = PBXSourcesBuildPhase;
			buildActionMask = 2147483647;
			files = (
				3646F16C2B95022900B5CF30 /* TestProjectTests.swift in Sources */,
			);
			runOnlyForDeploymentPostprocessing = 0;
		};
		3646F16D2B95022900B5CF30 /* Sources */ = {
			isa = PBXSourcesBuildPhase;
			buildActionMask = 2147483647;
			files = (
				3646F1782B95022900B5CF30 /* TestProjectUITestsLaunchTests.swift in Sources */,
				3646F1762B95022900B5CF30 /* TestProjectUITests.swift in Sources */,
			);
			runOnlyForDeploymentPostprocessing = 0;
		};
/* End PBXSourcesBuildPhase section */

/* Begin PBXTargetDependency section */
		3646F1692B95022900B5CF30 /* PBXTargetDependency */ = {
			isa = PBXTargetDependency;
			target = 3646F1552B95022800B5CF30 /* TestProject */;
			targetProxy = 3646F1682B95022900B5CF30 /* PBXContainerItemProxy */;
		};
		3646F1732B95022900B5CF30 /* PBXTargetDependency */ = {
			isa = PBXTargetDependency;
			target = 3646F1552B95022800B5CF30 /* TestProject */;
			targetProxy = 3646F1722B95022900B5CF30 /* PBXContainerItemProxy */;
		};
/* End PBXTargetDependency section */

/* Begin XCBuildConfiguration section */
		3646F1792B95022900B5CF30 /* Debug */ = {
			isa = XCBuildConfiguration;
			buildSettings = {
				ALWAYS_SEARCH_USER_PATHS = NO;
				ASSETCATALOG_COMPILER_GENERATE_SWIFT_ASSET_SYMBOL_EXTENSIONS = YES;
				CLANG_ANALYZER_NONNULL = YES;
				CLANG_ANALYZER_NUMBER_OBJECT_CONVERSION = YES_AGGRESSIVE;
				CLANG_CXX_LANGUAGE_STANDARD = "gnu++20";
				CLANG_ENABLE_MODULES = YES;
				CLANG_ENABLE_OBJC_ARC = YES;
				CLANG_ENABLE_OBJC_WEAK = YES;
				CLANG_WARN_BLOCK_CAPTURE_AUTORELEASING = YES;
				CLANG_WARN_BOOL_CONVERSION = YES;
				CLANG_WARN_COMMA = YES;
				CLANG_WARN_CONSTANT_CONVERSION = YES;
				CLANG_WARN_DEPRECATED_OBJC_IMPLEMENTATIONS = YES;
				CLANG_WARN_DIRECT_OBJC_ISA_USAGE = YES_ERROR;
				CLANG_WARN_DOCUMENTATION_COMMENTS = YES;
				CLANG_WARN_EMPTY_BODY = YES;
				CLANG_WARN_ENUM_CONVERSION = YES;
				CLANG_WARN_INFINITE_RECURSION = YES;
				CLANG_WARN_INT_CONVERSION = YES;
				CLANG_WARN_NON_LITERAL_NULL_CONVERSION = YES;
				CLANG_WARN_OBJC_IMPLICIT_RETAIN_SELF = YES;
				CLANG_WARN_OBJC_LITERAL_CONVERSION = YES;
				CLANG_WARN_OBJC_ROOT_CLASS = YES_ERROR;
				CLANG_WARN_QUOTED_INCLUDE_IN_FRAMEWORK_HEADER = YES;
				CLANG_WARN_RANGE_LOOP_ANALYSIS = YES;
				CLANG_WARN_STRICT_PROTOTYPES = YES;
				CLANG_WARN_SUSPICIOUS_MOVE = YES;
				CLANG_WARN_UNGUARDED_AVAILABILITY = YES_AGGRESSIVE;
				CLANG_WARN_UNREACHABLE_CODE = YES;
				CLANG_WARN__DUPLICATE_METHOD_MATCH = YES;
				COPY_PHASE_STRIP = NO;
				DEBUG_INFORMATION_FORMAT = dwarf;
				ENABLE_STRICT_OBJC_MSGSEND = YES;
				ENABLE_TESTABILITY = YES;
				ENABLE_USER_SCRIPT_SANDBOXING = YES;
				GCC_C_LANGUAGE_STANDARD = gnu17;
				GCC_DYNAMIC_NO_PIC = NO;
				GCC_NO_COMMON_BLOCKS = YES;
				GCC_OPTIMIZATION_LEVEL = 0;
				GCC_PREPROCESSOR_DEFINITIONS = (
					"DEBUG=1",
					"$(inherited)",
				);
				GCC_WARN_64_TO_32_BIT_CONVERSION = YES;
				GCC_WARN_ABOUT_RETURN_TYPE = YES_ERROR;
				GCC_WARN_UNDECLARED_SELECTOR = YES;
				GCC_WARN_UNINITIALIZED_AUTOS = YES_AGGRESSIVE;
				GCC_WARN_UNUSED_FUNCTION = YES;
				GCC_WARN_UNUSED_VARIABLE = YES;
				LOCALIZATION_PREFERS_STRING_CATALOGS = YES;
				MACOSX_DEPLOYMENT_TARGET = 14.2;
				MTL_ENABLE_DEBUG_INFO = INCLUDE_SOURCE;
				MTL_FAST_MATH = YES;
				ONLY_ACTIVE_ARCH = YES;
				SDKROOT = macosx;
				SWIFT_ACTIVE_COMPILATION_CONDITIONS = "DEBUG $(inherited)";
				SWIFT_OPTIMIZATION_LEVEL = "-Onone";
			};
			name = Debug;
		};
		3646F17A2B95022900B5CF30 /* Release */ = {
			isa = XCBuildConfiguration;
			buildSettings = {
				ALWAYS_SEARCH_USER_PATHS = NO;
				ASSETCATALOG_COMPILER_GENERATE_SWIFT_ASSET_SYMBOL_EXTENSIONS = YES;
				CLANG_ANALYZER_NONNULL = YES;
				CLANG_ANALYZER_NUMBER_OBJECT_CONVERSION = YES_AGGRESSIVE;
				CLANG_CXX_LANGUAGE_STANDARD = "gnu++20";
				CLANG_ENABLE_MODULES = YES;
				CLANG_ENABLE_OBJC_ARC = YES;
				CLANG_ENABLE_OBJC_WEAK = YES;
				CLANG_WARN_BLOCK_CAPTURE_AUTORELEASING = YES;
				CLANG_WARN_BOOL_CONVERSION = YES;
				CLANG_WARN_COMMA = YES;
				CLANG_WARN_CONSTANT_CONVERSION = YES;
				CLANG_WARN_DEPRECATED_OBJC_IMPLEMENTATIONS = YES;
				CLANG_WARN_DIRECT_OBJC_ISA_USAGE = YES_ERROR;
				CLANG_WARN_DOCUMENTATION_COMMENTS = YES;
				CLANG_WARN_EMPTY_BODY = YES;
				CLANG_WARN_ENUM_CONVERSION = YES;
				CLANG_WARN_INFINITE_RECURSION = YES;
				CLANG_WARN_INT_CONVERSION = YES;
				CLANG_WARN_NON_LITERAL_NULL_CONVERSION = YES;
				CLANG_WARN_OBJC_IMPLICIT_RETAIN_SELF = YES;
				CLANG_WARN_OBJC_LITERAL_CONVERSION = YES;
				CLANG_WARN_OBJC_ROOT_CLASS = YES_ERROR;
				CLANG_WARN_QUOTED_INCLUDE_IN_FRAMEWORK_HEADER = YES;
				CLANG_WARN_RANGE_LOOP_ANALYSIS = YES;
				CLANG_WARN_STRICT_PROTOTYPES = YES;
				CLANG_WARN_SUSPICIOUS_MOVE = YES;
				CLANG_WARN_UNGUARDED_AVAILABILITY = YES_AGGRESSIVE;
				CLANG_WARN_UNREACHABLE_CODE = YES;
				CLANG_WARN__DUPLICATE_METHOD_MATCH = YES;
				COPY_PHASE_STRIP = NO;
				DEBUG_INFORMATION_FORMAT = "dwarf-with-dsym";
				ENABLE_NS_ASSERTIONS = NO;
				ENABLE_STRICT_OBJC_MSGSEND = YES;
				ENABLE_USER_SCRIPT_SANDBOXING = YES;
				GCC_C_LANGUAGE_STANDARD = gnu17;
				GCC_NO_COMMON_BLOCKS = YES;
				GCC_WARN_64_TO_32_BIT_CONVERSION = YES;
				GCC_WARN_ABOUT_RETURN_TYPE = YES_ERROR;
				GCC_WARN_UNDECLARED_SELECTOR = YES;
				GCC_WARN_UNINITIALIZED_AUTOS = YES_AGGRESSIVE;
				GCC_WARN_UNUSED_FUNCTION = YES;
				GCC_WARN_UNUSED_VARIABLE = YES;
				LOCALIZATION_PREFERS_STRING_CATALOGS = YES;
				MACOSX_DEPLOYMENT_TARGET = 14.2;
				MTL_ENABLE_DEBUG_INFO = NO;
				MTL_FAST_MATH = YES;
				SDKROOT = macosx;
				SWIFT_COMPILATION_MODE = wholemodule;
			};
			name = Release;
		};
		3646F17C2B95022900B5CF30 /* Debug */ = {
			isa = XCBuildConfiguration;
			buildSettings = {
				ASSETCATALOG_COMPILER_APPICON_NAME = AppIcon;
				ASSETCATALOG_COMPILER_GLOBAL_ACCENT_COLOR_NAME = AccentColor;
				CODE_SIGN_ENTITLEMENTS = TestProject/TestProject.entitlements;
				CODE_SIGN_STYLE = Automatic;
				COMBINE_HIDPI_IMAGES = YES;
				CURRENT_PROJECT_VERSION = 1;
				DEVELOPMENT_ASSET_PATHS = "\"TestProject/Preview Content\"";
				ENABLE_PREVIEWS = YES;
				GENERATE_INFOPLIST_FILE = YES;
				INFOPLIST_KEY_NSHumanReadableCopyright = "";
				LD_RUNPATH_SEARCH_PATHS = (
					"$(inherited)",
					"@executable_path/../Frameworks",
				);
				MARKETING_VERSION = 1.0;
				PRODUCT_BUNDLE_IDENTIFIER = creacominc.TestProject;
				PRODUCT_NAME = "$(TARGET_NAME)";
				SWIFT_EMIT_LOC_STRINGS = YES;
				SWIFT_VERSION = 5.0;
			};
			name = Debug;
		};
		3646F17D2B95022900B5CF30 /* Release */ = {
			isa = XCBuildConfiguration;
			buildSettings = {
				ASSETCATALOG_COMPILER_APPICON_NAME = AppIcon;
				ASSETCATALOG_COMPILER_GLOBAL_ACCENT_COLOR_NAME = AccentColor;
				CODE_SIGN_ENTITLEMENTS = TestProject/TestProject.entitlements;
				CODE_SIGN_STYLE = Automatic;
				COMBINE_HIDPI_IMAGES = YES;
				CURRENT_PROJECT_VERSION = 1;
				DEVELOPMENT_ASSET_PATHS = "\"TestProject/Preview Content\"";
				ENABLE_PREVIEWS = YES;
				GENERATE_INFOPLIST_FILE = YES;
				INFOPLIST_KEY_NSHumanReadableCopyright = "";
				LD_RUNPATH_SEARCH_PATHS = (
					"$(inherited)",
					"@executable_path/../Frameworks",
				);
				MARKETING_VERSION = 1.0;
				PRODUCT_BUNDLE_IDENTIFIER = creacominc.TestProject;
				PRODUCT_NAME = "$(TARGET_NAME)";
				SWIFT_EMIT_LOC_STRINGS = YES;
				SWIFT_VERSION = 5.0;
			};
			name = Release;
		};
		3646F17F2B95022900B5CF30 /* Debug */ = {
			isa = XCBuildConfiguration;
			buildSettings = {
				ALWAYS_EMBED_SWIFT_STANDARD_LIBRARIES = YES;
				BUNDLE_LOADER = "$(TEST_HOST)";
				CODE_SIGN_STYLE = Automatic;
				CURRENT_PROJECT_VERSION = 1;
				GENERATE_INFOPLIST_FILE = YES;
				MACOSX_DEPLOYMENT_TARGET = 14.2;
				MARKETING_VERSION = 1.0;
				PRODUCT_BUNDLE_IDENTIFIER = creacominc.TestProjectTests;
				PRODUCT_NAME = "$(TARGET_NAME)";
				SWIFT_EMIT_LOC_STRINGS = NO;
				SWIFT_VERSION = 5.0;
				TEST_HOST = "$(BUILT_PRODUCTS_DIR)/TestProject.app/$(BUNDLE_EXECUTABLE_FOLDER_PATH)/TestProject";
			};
			name = Debug;
		};
		3646F1802B95022900B5CF30 /* Release */ = {
			isa = XCBuildConfiguration;
			buildSettings = {
				ALWAYS_EMBED_SWIFT_STANDARD_LIBRARIES = YES;
				BUNDLE_LOADER = "$(TEST_HOST)";
				CODE_SIGN_STYLE = Automatic;
				CURRENT_PROJECT_VERSION = 1;
				GENERATE_INFOPLIST_FILE = YES;
				MACOSX_DEPLOYMENT_TARGET = 14.2;
				MARKETING_VERSION = 1.0;
				PRODUCT_BUNDLE_IDENTIFIER = creacominc.TestProjectTests;
				PRODUCT_NAME = "$(TARGET_NAME)";
				SWIFT_EMIT_LOC_STRINGS = NO;
				SWIFT_VERSION = 5.0;
				TEST_HOST = "$(BUILT_PRODUCTS_DIR)/TestProject.app/$(BUNDLE_EXECUTABLE_FOLDER_PATH)/TestProject";
			};
			name = Release;
		};
		3646F1822B95022900B5CF30 /* Debug */ = {
			isa = XCBuildConfiguration;
			buildSettings = {
				ALWAYS_EMBED_SWIFT_STANDARD_LIBRARIES = YES;
				CODE_SIGN_STYLE = Automatic;
				CURRENT_PROJECT_VERSION = 1;
				GENERATE_INFOPLIST_FILE = YES;
				MARKETING_VERSION = 1.0;
				PRODUCT_BUNDLE_IDENTIFIER = creacominc.TestProjectUITests;
				PRODUCT_NAME = "$(TARGET_NAME)";
				SWIFT_EMIT_LOC_STRINGS = NO;
				SWIFT_VERSION = 5.0;
				TEST_TARGET_NAME = TestProject;
			};
			name = Debug;
		};
		3646F1832B95022900B5CF30 /* Release */ = {
			isa = XCBuildConfiguration;
			buildSettings = {
				ALWAYS_EMBED_SWIFT_STANDARD_LIBRARIES = YES;
				CODE_SIGN_STYLE = Automatic;
				CURRENT_PROJECT_VERSION = 1;
				GENERATE_INFOPLIST_FILE = YES;
				MARKETING_VERSION = 1.0;
				PRODUCT_BUNDLE_IDENTIFIER = creacominc.TestProjectUITests;
				PRODUCT_NAME = "$(TARGET_NAME)";
				SWIFT_EMIT_LOC_STRINGS = NO;
				SWIFT_VERSION = 5.0;
				TEST_TARGET_NAME = TestProject;
			};
			name = Release;
		};
/* End XCBuildConfiguration section */

/* Begin XCConfigurationList section */
		3646F1512B95022800B5CF30 /* Build configuration list for PBXProject "TestProject" */ = {
			isa = XCConfigurationList;
			buildConfigurations = (
				3646F1792B95022900B5CF30 /* Debug */,
				3646F17A2B95022900B5CF30 /* Release */,
			);
			defaultConfigurationIsVisible = 0;
			defaultConfigurationName = Release;
		};
		3646F17B2B95022900B5CF30 /* Build configuration list for PBXNativeTarget "TestProject" */ = {
			isa = XCConfigurationList;
			buildConfigurations = (
				3646F17C2B95022900B5CF30 /* Debug */,
				3646F17D2B95022900B5CF30 /* Release */,
			);
			defaultConfigurationIsVisible = 0;
			defaultConfigurationName = Release;
		};
		3646F17E2B95022900B5CF30 /* Build configuration list for PBXNativeTarget "TestProjectTests" */ = {
			isa = XCConfigurationList;
			buildConfigurations = (
				3646F17F2B95022900B5CF30 /* Debug */,
				3646F1802B95022900B5CF30 /* Release */,
			);
			defaultConfigurationIsVisible = 0;
			defaultConfigurationName = Release;
		};
		3646F1812B95022900B5CF30 /* Build configuration list for PBXNativeTarget "TestProjectUITests" */ = {
			isa = XCConfigurationList;
			buildConfigurations = (
				3646F1822B95022900B5CF30 /* Debug */,
				3646F1832B95022900B5CF30 /* Release */,
			);
			defaultConfigurationIsVisible = 0;
			defaultConfigurationName = Release;
		};
/* End XCConfigurationList section */
	};
	rootObject = 3646F14E2B95022800B5CF30 /* Project object */;
}
